
Microsoft Visual Studio Solution File, Format Version 12.00
# Visual Studio Version 17
VisualStudioVersion = 17.13.35931.197 d17.13
MinimumVisualStudioVersion = 10.0.40219.1
Project("{8BC9CEB8-8B4A-11D0-8D11-00A0C91BC942}") = "in place out of place", "in place out of place.vcxproj", "{ACB236A9-A9D6-48D4-93C3-E7797D7A856B}"
EndProject
Global
	GlobalSection(SolutionConfigurationPlatforms) = preSolution
		Debug|x64 = Debug|x64
		Debug|x86 = Debug|x86
		Release|x64 = Release|x64
		Release|x86 = Release|x86
	EndGlobalSection
	GlobalSection(ProjectConfigurationPlatforms) = postSolution
		{ACB236A9-A9D6-48D4-93C3-E7797D7A856B}.Debug|x64.ActiveCfg = Debug|x64
		{ACB236A9-A9D6-48D4-93C3-E7797D7A856B}.Debug|x64.Build.0 = Debug|x64
		{ACB236A9-A9D6-48D4-93C3-E7797D7A856B}.Debug|x86.ActiveCfg = Debug|Win32
		{ACB236A9-A9D6-48D4-93C3-E7797D7A856B}.Debug|x86.Build.0 = Debug|Win32
		{ACB236A9-A9D6-48D4-93C3-E7797D7A856B}.Release|x64.ActiveCfg = Release|x64
		{ACB236A9-A9D6-48D4-93C3-E7797D7A856B}.Release|x64.Build.0 = Release|x64
		{ACB236A9-A9D6-48D4-93C3-E7797D7A856B}.Release|x86.ActiveCfg = Release|Win32
		{ACB236A9-A9D6-48D4-93C3-E7797D7A856B}.Release|x86.Build.0 = Release|Win32
	EndGlobalSection
	GlobalSection(SolutionProperties) = preSolution
		HideSolutionNode = FALSE
	EndGlobalSection
	GlobalSection(ExtensibilityGlobals) = postSolution
		SolutionGuid = {DD7C9BC6-C2A3-4AA1-BC32-53D531444FE3}
	EndGlobalSection
EndGlobal
